
Microsoft Visual Studio Solution File, Format Version 12.00
# Visual Studio Version 17
VisualStudioVersion = 17.5.002.0
MinimumVisualStudioVersion = 10.0.40219.1
Project("{9A19103F-16F7-4668-BE54-9A1E7A4F7556}") = "Moment 2.2 C#", "Moment 2.2 C#.csproj", "{F58AFA7C-DD80-4049-8279-466517C7BA66}"
EndProject
Global
	GlobalSection(SolutionConfigurationPlatforms) = preSolution
		Debug|Any CPU = Debug|Any CPU
		Release|Any CPU = Release|Any CPU
	EndGlobalSection
	GlobalSection(ProjectConfigurationPlatforms) = postSolution
		{F58AFA7C-DD80-4049-8279-466517C7BA66}.Debug|Any CPU.ActiveCfg = Debug|Any CPU
		{F58AFA7C-DD80-4049-8279-466517C7BA66}.Debug|Any CPU.Build.0 = Debug|Any CPU
		{F58AFA7C-DD80-4049-8279-466517C7BA66}.Release|Any CPU.ActiveCfg = Release|Any CPU
		{F58AFA7C-DD80-4049-8279-466517C7BA66}.Release|Any CPU.Build.0 = Release|Any CPU
	EndGlobalSection
	GlobalSection(SolutionProperties) = preSolution
		HideSolutionNode = FALSE
	EndGlobalSection
	GlobalSection(ExtensibilityGlobals) = postSolution
		SolutionGuid = {2A83BF66-4908-489F-B9AD-27180E37B45F}
	EndGlobalSection
EndGlobal
